{
  "version": 4,
  "terraform_version": "1.9.6",
  "serial": 14,
  "lineage": "860f8e40-f615-744d-3eea-c2bda449f58d",
  "outputs": {},
  "resources": [
    {
      "mode": "managed",
      "type": "azurerm_firewall",
      "name": "fw",
      "provider": "provider[\"registry.terraform.io/hashicorp/azurerm\"]",
      "instances": [
        {
          "schema_version": 0,
          "attributes": {
            "dns_proxy_enabled": false,
            "dns_servers": null,
            "firewall_policy_id": "/subscriptions/05e45818-2478-475f-87d8-4c8cf13455c0/resourceGroups/rg-dev-test-2/providers/Microsoft.Network/firewallPolicies/fwpolicy",
            "id": "/subscriptions/05e45818-2478-475f-87d8-4c8cf13455c0/resourceGroups/rg-dev-test-2/providers/Microsoft.Network/azureFirewalls/testfirewall",
            "ip_configuration": [
              {
                "name": "configuration",
                "private_ip_address": "10.0.2.4",
                "public_ip_address_id": "/subscriptions/05e45818-2478-475f-87d8-4c8cf13455c0/resourceGroups/rg-dev-test-2/providers/Microsoft.Network/publicIPAddresses/fwpip",
                "subnet_id": "/subscriptions/05e45818-2478-475f-87d8-4c8cf13455c0/resourceGroups/rg-dev-test-2/providers/Microsoft.Network/virtualNetworks/VNET-Hub/subnets/AzureFirewallSubnet"
              }
            ],
            "location": "northeurope",
            "management_ip_configuration": [],
            "name": "testfirewall",
            "private_ip_ranges": null,
            "resource_group_name": "rg-dev-test-2",
            "sku_name": "AZFW_VNet",
            "sku_tier": "Premium",
            "tags": null,
            "threat_intel_mode": "Alert",
            "timeouts": null,
            "virtual_hub": [],
            "zones": [
              "1",
              "2",
              "3"
            ]
          },
          "sensitive_attributes": [],
          "private": "eyJlMmJmYjczMC1lY2FhLTExZTYtOGY4OC0zNDM2M2JjN2M0YzAiOnsiY3JlYXRlIjo1NDAwMDAwMDAwMDAwLCJkZWxldGUiOjU0MDAwMDAwMDAwMDAsInJlYWQiOjMwMDAwMDAwMDAwMCwidXBkYXRlIjo1NDAwMDAwMDAwMDAwfX0=",
          "dependencies": [
            "azurerm_firewall_policy.fwpolicy",
            "azurerm_public_ip.fwpubip",
            "azurerm_resource_group.rghubnetworking",
            "azurerm_subnet.firewallsubnet",
            "azurerm_virtual_network.vnet"
          ]
        }
      ]
    },
    {
      "mode": "managed",
      "type": "azurerm_firewall_policy",
      "name": "fwpolicy",
      "provider": "provider[\"registry.terraform.io/hashicorp/azurerm\"]",
      "instances": [
        {
          "schema_version": 0,
          "attributes": {
            "auto_learn_private_ranges_enabled": false,
            "base_policy_id": "",
            "child_policies": [],
            "dns": [],
            "explicit_proxy": [],
            "firewalls": [],
            "id": "/subscriptions/05e45818-2478-475f-87d8-4c8cf13455c0/resourceGroups/rg-dev-test-2/providers/Microsoft.Network/firewallPolicies/fwpolicy",
            "identity": [],
            "insights": [],
            "intrusion_detection": [],
            "location": "northeurope",
            "name": "fwpolicy",
            "private_ip_ranges": null,
            "resource_group_name": "rg-dev-test-2",
            "rule_collection_groups": [],
            "sku": "Standard",
            "sql_redirect_allowed": null,
            "tags": null,
            "threat_intelligence_allowlist": [],
            "threat_intelligence_mode": "Alert",
            "timeouts": null,
            "tls_certificate": []
          },
          "sensitive_attributes": [],
          "private": "eyJlMmJmYjczMC1lY2FhLTExZTYtOGY4OC0zNDM2M2JjN2M0YzAiOnsiY3JlYXRlIjoxODAwMDAwMDAwMDAwLCJkZWxldGUiOjE4MDAwMDAwMDAwMDAsInJlYWQiOjMwMDAwMDAwMDAwMCwidXBkYXRlIjoxODAwMDAwMDAwMDAwfX0=",
          "dependencies": [
            "azurerm_resource_group.rghubnetworking"
          ]
        }
      ]
    },
    {
      "mode": "managed",
      "type": "azurerm_network_security_group",
      "name": "fw-subnet-nsg",
      "provider": "provider[\"registry.terraform.io/hashicorp/azurerm\"]",
      "instances": [
        {
          "schema_version": 0,
          "attributes": {
            "id": "/subscriptions/05e45818-2478-475f-87d8-4c8cf13455c0/resourceGroups/rg-dev-test-2/providers/Microsoft.Network/networkSecurityGroups/nsg-fw-subnet",
            "location": "northeurope",
            "name": "nsg-fw-subnet",
            "resource_group_name": "rg-dev-test-2",
            "security_rule": [],
            "tags": null,
            "timeouts": null
          },
          "sensitive_attributes": [],
          "private": "eyJlMmJmYjczMC1lY2FhLTExZTYtOGY4OC0zNDM2M2JjN2M0YzAiOnsiY3JlYXRlIjoxODAwMDAwMDAwMDAwLCJkZWxldGUiOjE4MDAwMDAwMDAwMDAsInJlYWQiOjMwMDAwMDAwMDAwMCwidXBkYXRlIjoxODAwMDAwMDAwMDAwfX0=",
          "dependencies": [
            "azurerm_resource_group.rghubnetworking"
          ]
        }
      ]
    },
    {
      "mode": "managed",
      "type": "azurerm_network_security_group",
      "name": "gw-subnet-nsg",
      "provider": "provider[\"registry.terraform.io/hashicorp/azurerm\"]",
      "instances": [
        {
          "schema_version": 0,
          "attributes": {
            "id": "/subscriptions/05e45818-2478-475f-87d8-4c8cf13455c0/resourceGroups/rg-dev-test-2/providers/Microsoft.Network/networkSecurityGroups/nsg-gw-subnet",
            "location": "northeurope",
            "name": "nsg-gw-subnet",
            "resource_group_name": "rg-dev-test-2",
            "security_rule": [],
            "tags": null,
            "timeouts": null
          },
          "sensitive_attributes": [],
          "private": "eyJlMmJmYjczMC1lY2FhLTExZTYtOGY4OC0zNDM2M2JjN2M0YzAiOnsiY3JlYXRlIjoxODAwMDAwMDAwMDAwLCJkZWxldGUiOjE4MDAwMDAwMDAwMDAsInJlYWQiOjMwMDAwMDAwMDAwMCwidXBkYXRlIjoxODAwMDAwMDAwMDAwfX0=",
          "dependencies": [
            "azurerm_resource_group.rghubnetworking"
          ]
        }
      ]
    },
    {
      "mode": "managed",
      "type": "azurerm_network_security_rule",
      "name": "rule-1-fw",
      "provider": "provider[\"registry.terraform.io/hashicorp/azurerm\"]",
      "instances": [
        {
          "schema_version": 0,
          "attributes": {
            "access": "Allow",
            "description": "Allow all for test",
            "destination_address_prefix": "*",
            "destination_address_prefixes": null,
            "destination_application_security_group_ids": null,
            "destination_port_range": "*",
            "destination_port_ranges": null,
            "direction": "Outbound",
            "id": "/subscriptions/05e45818-2478-475f-87d8-4c8cf13455c0/resourceGroups/rg-dev-test-2/providers/Microsoft.Network/networkSecurityGroups/nsg-fw-subnet/securityRules/rule1",
            "name": "rule1",
            "network_security_group_name": "nsg-fw-subnet",
            "priority": 100,
            "protocol": "*",
            "resource_group_name": "rg-dev-test-2",
            "source_address_prefix": "*",
            "source_address_prefixes": null,
            "source_application_security_group_ids": null,
            "source_port_range": "*",
            "source_port_ranges": null,
            "timeouts": null
          },
          "sensitive_attributes": [],
          "private": "eyJlMmJmYjczMC1lY2FhLTExZTYtOGY4OC0zNDM2M2JjN2M0YzAiOnsiY3JlYXRlIjoxODAwMDAwMDAwMDAwLCJkZWxldGUiOjE4MDAwMDAwMDAwMDAsInJlYWQiOjMwMDAwMDAwMDAwMCwidXBkYXRlIjoxODAwMDAwMDAwMDAwfX0=",
          "dependencies": [
            "azurerm_network_security_group.fw-subnet-nsg",
            "azurerm_resource_group.rghubnetworking"
          ]
        }
      ]
    },
    {
      "mode": "managed",
      "type": "azurerm_network_security_rule",
      "name": "rule-1-gw",
      "provider": "provider[\"registry.terraform.io/hashicorp/azurerm\"]",
      "instances": [
        {
          "schema_version": 0,
          "attributes": {
            "access": "Allow",
            "description": "Allow all for test",
            "destination_address_prefix": "*",
            "destination_address_prefixes": null,
            "destination_application_security_group_ids": null,
            "destination_port_range": "*",
            "destination_port_ranges": null,
            "direction": "Outbound",
            "id": "/subscriptions/05e45818-2478-475f-87d8-4c8cf13455c0/resourceGroups/rg-dev-test-2/providers/Microsoft.Network/networkSecurityGroups/nsg-gw-subnet/securityRules/rule1",
            "name": "rule1",
            "network_security_group_name": "nsg-gw-subnet",
            "priority": 100,
            "protocol": "*",
            "resource_group_name": "rg-dev-test-2",
            "source_address_prefix": "*",
            "source_address_prefixes": null,
            "source_application_security_group_ids": null,
            "source_port_range": "*",
            "source_port_ranges": null,
            "timeouts": null
          },
          "sensitive_attributes": [],
          "private": "eyJlMmJmYjczMC1lY2FhLTExZTYtOGY4OC0zNDM2M2JjN2M0YzAiOnsiY3JlYXRlIjoxODAwMDAwMDAwMDAwLCJkZWxldGUiOjE4MDAwMDAwMDAwMDAsInJlYWQiOjMwMDAwMDAwMDAwMCwidXBkYXRlIjoxODAwMDAwMDAwMDAwfX0=",
          "dependencies": [
            "azurerm_network_security_group.gw-subnet-nsg",
            "azurerm_resource_group.rghubnetworking"
          ]
        }
      ]
    },
    {
      "mode": "managed",
      "type": "azurerm_public_ip",
      "name": "fwpubip",
      "provider": "provider[\"registry.terraform.io/hashicorp/azurerm\"]",
      "instances": [
        {
          "schema_version": 0,
          "attributes": {
            "allocation_method": "Static",
            "ddos_protection_mode": "VirtualNetworkInherited",
            "ddos_protection_plan_id": null,
            "domain_name_label": null,
            "edge_zone": "",
            "fqdn": null,
            "id": "/subscriptions/05e45818-2478-475f-87d8-4c8cf13455c0/resourceGroups/rg-dev-test-2/providers/Microsoft.Network/publicIPAddresses/fwpip",
            "idle_timeout_in_minutes": 4,
            "ip_address": "48.209.156.196",
            "ip_tags": null,
            "ip_version": "IPv4",
            "location": "northeurope",
            "name": "fwpip",
            "public_ip_prefix_id": null,
            "resource_group_name": "rg-dev-test-2",
            "reverse_fqdn": null,
            "sku": "Standard",
            "sku_tier": "Regional",
            "tags": null,
            "timeouts": null,
            "zones": [
              "1",
              "2",
              "3"
            ]
          },
          "sensitive_attributes": [],
          "private": "eyJlMmJmYjczMC1lY2FhLTExZTYtOGY4OC0zNDM2M2JjN2M0YzAiOnsiY3JlYXRlIjoxODAwMDAwMDAwMDAwLCJkZWxldGUiOjE4MDAwMDAwMDAwMDAsInJlYWQiOjMwMDAwMDAwMDAwMCwidXBkYXRlIjoxODAwMDAwMDAwMDAwfX0=",
          "dependencies": [
            "azurerm_resource_group.rghubnetworking"
          ]
        }
      ]
    },
    {
      "mode": "managed",
      "type": "azurerm_public_ip",
      "name": "vpnpubip",
      "provider": "provider[\"registry.terraform.io/hashicorp/azurerm\"]",
      "instances": [
        {
          "schema_version": 0,
          "attributes": {
            "allocation_method": "Static",
            "ddos_protection_mode": "VirtualNetworkInherited",
            "ddos_protection_plan_id": null,
            "domain_name_label": null,
            "edge_zone": "",
            "fqdn": null,
            "id": "/subscriptions/05e45818-2478-475f-87d8-4c8cf13455c0/resourceGroups/rg-dev-test-2/providers/Microsoft.Network/publicIPAddresses/vpnpubip",
            "idle_timeout_in_minutes": 4,
            "ip_address": "48.209.156.16",
            "ip_tags": null,
            "ip_version": "IPv4",
            "location": "northeurope",
            "name": "vpnpubip",
            "public_ip_prefix_id": null,
            "resource_group_name": "rg-dev-test-2",
            "reverse_fqdn": null,
            "sku": "Standard",
            "sku_tier": "Regional",
            "tags": null,
            "timeouts": null,
            "zones": [
              "1",
              "2",
              "3"
            ]
          },
          "sensitive_attributes": [],
          "private": "eyJlMmJmYjczMC1lY2FhLTExZTYtOGY4OC0zNDM2M2JjN2M0YzAiOnsiY3JlYXRlIjoxODAwMDAwMDAwMDAwLCJkZWxldGUiOjE4MDAwMDAwMDAwMDAsInJlYWQiOjMwMDAwMDAwMDAwMCwidXBkYXRlIjoxODAwMDAwMDAwMDAwfX0=",
          "dependencies": [
            "azurerm_resource_group.rghubnetworking"
          ]
        }
      ]
    },
    {
      "mode": "managed",
      "type": "azurerm_resource_group",
      "name": "rghubnetworking",
      "provider": "provider[\"registry.terraform.io/hashicorp/azurerm\"]",
      "instances": [
        {
          "schema_version": 0,
          "attributes": {
            "id": "/subscriptions/05e45818-2478-475f-87d8-4c8cf13455c0/resourceGroups/rg-dev-test-2",
            "location": "northeurope",
            "managed_by": "",
            "name": "rg-dev-test-2",
            "tags": null,
            "timeouts": null
          },
          "sensitive_attributes": [],
          "private": "eyJlMmJmYjczMC1lY2FhLTExZTYtOGY4OC0zNDM2M2JjN2M0YzAiOnsiY3JlYXRlIjo1NDAwMDAwMDAwMDAwLCJkZWxldGUiOjU0MDAwMDAwMDAwMDAsInJlYWQiOjMwMDAwMDAwMDAwMCwidXBkYXRlIjo1NDAwMDAwMDAwMDAwfX0="
        }
      ]
    },
    {
      "mode": "managed",
      "type": "azurerm_subnet",
      "name": "firewallsubnet",
      "provider": "provider[\"registry.terraform.io/hashicorp/azurerm\"]",
      "instances": [
        {
          "schema_version": 0,
          "attributes": {
            "address_prefixes": [
              "10.0.2.0/24"
            ],
            "default_outbound_access_enabled": true,
            "delegation": [],
            "id": "/subscriptions/05e45818-2478-475f-87d8-4c8cf13455c0/resourceGroups/rg-dev-test-2/providers/Microsoft.Network/virtualNetworks/VNET-Hub/subnets/AzureFirewallSubnet",
            "name": "AzureFirewallSubnet",
            "private_endpoint_network_policies": "Disabled",
            "private_link_service_network_policies_enabled": true,
            "resource_group_name": "rg-dev-test-2",
            "service_endpoint_policy_ids": null,
            "service_endpoints": null,
            "timeouts": null,
            "virtual_network_name": "VNET-Hub"
          },
          "sensitive_attributes": [],
          "private": "eyJlMmJmYjczMC1lY2FhLTExZTYtOGY4OC0zNDM2M2JjN2M0YzAiOnsiY3JlYXRlIjoxODAwMDAwMDAwMDAwLCJkZWxldGUiOjE4MDAwMDAwMDAwMDAsInJlYWQiOjMwMDAwMDAwMDAwMCwidXBkYXRlIjoxODAwMDAwMDAwMDAwfX0=",
          "dependencies": [
            "azurerm_resource_group.rghubnetworking",
            "azurerm_virtual_network.vnet"
          ]
        }
      ]
    },
    {
      "mode": "managed",
      "type": "azurerm_subnet",
      "name": "gatewaysubnet",
      "provider": "provider[\"registry.terraform.io/hashicorp/azurerm\"]",
      "instances": [
        {
          "schema_version": 0,
          "attributes": {
            "address_prefixes": [
              "10.0.1.0/24"
            ],
            "default_outbound_access_enabled": true,
            "delegation": [],
            "id": "/subscriptions/05e45818-2478-475f-87d8-4c8cf13455c0/resourceGroups/rg-dev-test-2/providers/Microsoft.Network/virtualNetworks/VNET-Hub/subnets/GatewaySubnet",
            "name": "GatewaySubnet",
            "private_endpoint_network_policies": "Disabled",
            "private_link_service_network_policies_enabled": true,
            "resource_group_name": "rg-dev-test-2",
            "service_endpoint_policy_ids": null,
            "service_endpoints": null,
            "timeouts": null,
            "virtual_network_name": "VNET-Hub"
          },
          "sensitive_attributes": [],
          "private": "eyJlMmJmYjczMC1lY2FhLTExZTYtOGY4OC0zNDM2M2JjN2M0YzAiOnsiY3JlYXRlIjoxODAwMDAwMDAwMDAwLCJkZWxldGUiOjE4MDAwMDAwMDAwMDAsInJlYWQiOjMwMDAwMDAwMDAwMCwidXBkYXRlIjoxODAwMDAwMDAwMDAwfX0=",
          "dependencies": [
            "azurerm_resource_group.rghubnetworking",
            "azurerm_virtual_network.vnet"
          ]
        }
      ]
    },
    {
      "mode": "managed",
      "type": "azurerm_virtual_network",
      "name": "vnet",
      "provider": "provider[\"registry.terraform.io/hashicorp/azurerm\"]",
      "instances": [
        {
          "schema_version": 0,
          "attributes": {
            "address_space": [
              "10.0.0.0/16"
            ],
            "bgp_community": "",
            "ddos_protection_plan": [],
            "dns_servers": [],
            "edge_zone": "",
            "encryption": [],
            "flow_timeout_in_minutes": 0,
            "guid": "8a94e9c1-7e40-4b3a-b1aa-d4a86f7cc5e9",
            "id": "/subscriptions/05e45818-2478-475f-87d8-4c8cf13455c0/resourceGroups/rg-dev-test-2/providers/Microsoft.Network/virtualNetworks/VNET-Hub",
            "location": "northeurope",
            "name": "VNET-Hub",
            "resource_group_name": "rg-dev-test-2",
            "subnet": [],
            "tags": {
              "deployment": "tf"
            },
            "timeouts": null
          },
          "sensitive_attributes": [],
          "private": "eyJlMmJmYjczMC1lY2FhLTExZTYtOGY4OC0zNDM2M2JjN2M0YzAiOnsiY3JlYXRlIjoxODAwMDAwMDAwMDAwLCJkZWxldGUiOjE4MDAwMDAwMDAwMDAsInJlYWQiOjMwMDAwMDAwMDAwMCwidXBkYXRlIjoxODAwMDAwMDAwMDAwfX0=",
          "dependencies": [
            "azurerm_resource_group.rghubnetworking"
          ]
        }
      ]
    },
    {
      "mode": "managed",
      "type": "azurerm_virtual_network_gateway",
      "name": "vpngw",
      "provider": "provider[\"registry.terraform.io/hashicorp/azurerm\"]",
      "instances": [
        {
          "schema_version": 0,
          "attributes": {
            "active_active": false,
            "bgp_route_translation_for_nat_enabled": false,
            "bgp_settings": [
              {
                "asn": 65515,
                "peer_weight": 0,
                "peering_addresses": [
                  {
                    "apipa_addresses": [],
                    "default_addresses": [
                      "10.0.1.254"
                    ],
                    "ip_configuration_name": "vnetGatewayConfig",
                    "tunnel_ip_addresses": [
                      "48.209.156.16"
                    ]
                  }
                ]
              }
            ],
            "custom_route": [],
            "default_local_network_gateway_id": null,
            "dns_forwarding_enabled": false,
            "edge_zone": "",
            "enable_bgp": false,
            "generation": "Generation1",
            "id": "/subscriptions/05e45818-2478-475f-87d8-4c8cf13455c0/resourceGroups/rg-dev-test-2/providers/Microsoft.Network/virtualNetworkGateways/VPN-GW-1",
            "ip_configuration": [
              {
                "name": "vnetGatewayConfig",
                "private_ip_address_allocation": "Dynamic",
                "public_ip_address_id": "/subscriptions/05e45818-2478-475f-87d8-4c8cf13455c0/resourceGroups/rg-dev-test-2/providers/Microsoft.Network/publicIPAddresses/vpnpubip",
                "subnet_id": "/subscriptions/05e45818-2478-475f-87d8-4c8cf13455c0/resourceGroups/rg-dev-test-2/providers/Microsoft.Network/virtualNetworks/VNET-Hub/subnets/GatewaySubnet"
              }
            ],
            "ip_sec_replay_protection_enabled": true,
            "location": "northeurope",
            "name": "VPN-GW-1",
            "policy_group": [],
            "private_ip_address_enabled": false,
            "remote_vnet_traffic_enabled": false,
            "resource_group_name": "rg-dev-test-2",
            "sku": "VpnGw1AZ",
            "tags": null,
            "timeouts": null,
            "type": "Vpn",
            "virtual_wan_traffic_enabled": false,
            "vpn_client_configuration": [
              {
                "aad_audience": "",
                "aad_issuer": "",
                "aad_tenant": "",
                "address_space": [
                  "192.168.0.0/24"
                ],
                "ipsec_policy": [],
                "radius_server": [],
                "radius_server_address": "",
                "radius_server_secret": "",
                "revoked_certificate": [
                  {
                    "name": "Verizon-Global-Root-CA",
                    "thumbprint": "912198EEF23DCAC40939312FEE97DD560BAE49B1"
                  }
                ],
                "root_certificate": [
                  {
                    "name": "DigiCert-Federated-ID-Root-CA",
                    "public_cert_data": "MIIDuzCCAqOgAwIBAgIQCHTZWCM+IlfFIRXIvyKSrjANBgkqhkiG9w0BAQsFADBn\r\nMQswCQYDVQQGEwJVUzEVMBMGA1UEChMMRGlnaUNlcnQgSW5jMRkwFwYDVQQLExB3\r\nd3cuZGlnaWNlcnQuY29tMSYwJAYDVQQDEx1EaWdpQ2VydCBGZWRlcmF0ZWQgSUQg\r\nUm9vdCBDQTAeFw0xMzAxMTUxMjAwMDBaFw0zMzAxMTUxMjAwMDBaMGcxCzAJBgNV\r\nBAYTAlVTMRUwEwYDVQQKEwxEaWdpQ2VydCBJbmMxGTAXBgNVBAsTEHd3dy5kaWdp\r\nY2VydC5jb20xJjAkBgNVBAMTHURpZ2lDZXJ0IEZlZGVyYXRlZCBJRCBSb290IENB\r\nMIIBIjANBgkqhkiG9w0BAQEFAAOCAQ8AMIIBCgKCAQEAvAEB4pcCqnNNOWE6Ur5j\r\nQPUH+1y1F9KdHTRSza6k5iDlXq1kGS1qAkuKtw9JsiNRrjltmFnzMZRBbX8Tlfl8\r\nzAhBmb6dDduDGED01kBsTkgywYPxXVTKec0WxYEEF0oMn4wSYNl0lt2eJAKHXjNf\r\nGTwiibdP8CUR2ghSM2sUTI8Nt1Omfc4SMHhGhYD64uJMbX98THQ/4LMGuYegou+d\r\nGTiahfHtjn7AboSEknwAMJHCh5RlYZZ6B1O4QbKJ+34Q0eKgnI3X6Vc9u0zf6DH8\r\nDk+4zQDYRRTqTnVO3VT8jzqDlCRuNtq6YvryOWN74/dq8LQhUnXHvFyrsdMaE1X2\r\nDwIDAQABo2MwYTAPBgNVHRMBAf8EBTADAQH/MA4GA1UdDwEB/wQEAwIBhjAdBgNV\r\nHQ4EFgQUGRdkFnbGt1EWjKwbUne+5OaZvRYwHwYDVR0jBBgwFoAUGRdkFnbGt1EW\r\njKwbUne+5OaZvRYwDQYJKoZIhvcNAQELBQADggEBAHcqsHkrjpESqfuVTRiptJfP\r\n9JbdtWqRTmOf6uJi2c8YVqI6XlKXsD8C1dUUaaHKLUJzvKiazibVuBwMIT84AyqR\r\nQELn3e0BtgEymEygMU569b01ZPxoFSnNXc7qDZBDef8WfqAV/sxkTi8L9BkmFYfL\r\nuGLOhRJOFprPdoDIUBB+tmCl3oDcBy3vnUeOEioz8zAkprcb3GHwHAK+vHmmfgcn\r\nWsfMLH4JCLa/tRYL+Rw/N3ybCkDp00s0WUZ+AoDywSl0Q/ZEnNY0MsFiw6LyIdbq\r\nM/s/1JRtO3bDSzD9TazRVzn2oBqzSa8VgIo5C1nOnoAKJTlsClJKvIhnRlaLQqk=\r\n"
                  }
                ],
                "virtual_network_gateway_client_connection": [],
                "vpn_auth_types": [
                  "Certificate"
                ],
                "vpn_client_protocols": [
                  "IkeV2",
                  "OpenVPN"
                ]
              }
            ],
            "vpn_type": "RouteBased"
          },
          "sensitive_attributes": [],
          "private": "eyJlMmJmYjczMC1lY2FhLTExZTYtOGY4OC0zNDM2M2JjN2M0YzAiOnsiY3JlYXRlIjo1NDAwMDAwMDAwMDAwLCJkZWxldGUiOjM2MDAwMDAwMDAwMDAsInJlYWQiOjMwMDAwMDAwMDAwMCwidXBkYXRlIjozNjAwMDAwMDAwMDAwfX0=",
          "dependencies": [
            "azurerm_public_ip.vpnpubip",
            "azurerm_resource_group.rghubnetworking",
            "azurerm_subnet.gatewaysubnet",
            "azurerm_virtual_network.vnet"
          ]
        }
      ]
    }
  ],
  "check_results": null
}
