{
  "version": 4,
  "terraform_version": "1.9.6",
  "serial": 54,
  "lineage": "860f8e40-f615-744d-3eea-c2bda449f58d",
  "outputs": {},
  "resources": [
    {
      "mode": "managed",
      "type": "azurerm_firewall",
      "name": "fw",
      "provider": "provider[\"registry.terraform.io/hashicorp/azurerm\"]",
      "instances": [
        {
          "schema_version": 0,
          "attributes": {
            "dns_proxy_enabled": false,
            "dns_servers": [],
            "firewall_policy_id": "/subscriptions/05e45818-2478-475f-87d8-4c8cf13455c0/resourceGroups/RG_BP_HUB_Vnet_Dev/providers/Microsoft.Network/firewallPolicies/fwpolicy",
            "id": "/subscriptions/05e45818-2478-475f-87d8-4c8cf13455c0/resourceGroups/RG_BP_HUB_Vnet_Dev/providers/Microsoft.Network/azureFirewalls/testfirewall",
            "ip_configuration": [
              {
                "name": "configuration",
                "private_ip_address": "10.0.2.4",
                "public_ip_address_id": "/subscriptions/05e45818-2478-475f-87d8-4c8cf13455c0/resourceGroups/RG_BP_HUB_Vnet_Dev/providers/Microsoft.Network/publicIPAddresses/fwpip",
                "subnet_id": "/subscriptions/05e45818-2478-475f-87d8-4c8cf13455c0/resourceGroups/RG_BP_HUB_Vnet_Dev/providers/Microsoft.Network/virtualNetworks/VNET-Hub/subnets/AzureFirewallSubnet"
              }
            ],
            "location": "northeurope",
            "management_ip_configuration": [],
            "name": "testfirewall",
            "private_ip_ranges": [],
            "resource_group_name": "RG_BP_HUB_Vnet_Dev",
            "sku_name": "AZFW_VNet",
            "sku_tier": "Premium",
            "tags": {
              "deployment": "tf",
              "stage": "dev"
            },
            "threat_intel_mode": "Deny",
            "timeouts": null,
            "virtual_hub": [],
            "zones": [
              "1",
              "2",
              "3"
            ]
          },
          "sensitive_attributes": [],
          "private": "eyJlMmJmYjczMC1lY2FhLTExZTYtOGY4OC0zNDM2M2JjN2M0YzAiOnsiY3JlYXRlIjo1NDAwMDAwMDAwMDAwLCJkZWxldGUiOjU0MDAwMDAwMDAwMDAsInJlYWQiOjMwMDAwMDAwMDAwMCwidXBkYXRlIjo1NDAwMDAwMDAwMDAwfX0=",
          "dependencies": [
            "azurerm_firewall_policy.fwpolicy",
            "azurerm_public_ip.fwpubip",
            "azurerm_resource_group.rghubnetworking",
            "azurerm_subnet.firewallsubnet",
            "azurerm_virtual_network.vnet"
          ]
        }
      ]
    },
    {
      "mode": "managed",
      "type": "azurerm_firewall_policy",
      "name": "fwpolicy",
      "provider": "provider[\"registry.terraform.io/hashicorp/azurerm\"]",
      "instances": [
        {
          "schema_version": 0,
          "attributes": {
            "auto_learn_private_ranges_enabled": false,
            "base_policy_id": "",
            "child_policies": [],
            "dns": [],
            "explicit_proxy": [],
            "firewalls": [
              "/subscriptions/05e45818-2478-475f-87d8-4c8cf13455c0/resourceGroups/RG_BP_HUB_Vnet_Dev/providers/Microsoft.Network/azureFirewalls/testfirewall"
            ],
            "id": "/subscriptions/05e45818-2478-475f-87d8-4c8cf13455c0/resourceGroups/RG_BP_HUB_Vnet_Dev/providers/Microsoft.Network/firewallPolicies/fwpolicy",
            "identity": [],
            "insights": [],
            "intrusion_detection": [
              {
                "mode": "Deny",
                "private_ranges": [],
                "signature_overrides": [],
                "traffic_bypass": []
              }
            ],
            "location": "northeurope",
            "name": "fwpolicy",
            "private_ip_ranges": [],
            "resource_group_name": "RG_BP_HUB_Vnet_Dev",
            "rule_collection_groups": [],
            "sku": "Premium",
            "sql_redirect_allowed": null,
            "tags": {},
            "threat_intelligence_allowlist": [],
            "threat_intelligence_mode": "Alert",
            "timeouts": null,
            "tls_certificate": []
          },
          "sensitive_attributes": [],
          "private": "eyJlMmJmYjczMC1lY2FhLTExZTYtOGY4OC0zNDM2M2JjN2M0YzAiOnsiY3JlYXRlIjoxODAwMDAwMDAwMDAwLCJkZWxldGUiOjE4MDAwMDAwMDAwMDAsInJlYWQiOjMwMDAwMDAwMDAwMCwidXBkYXRlIjoxODAwMDAwMDAwMDAwfX0=",
          "dependencies": [
            "azurerm_resource_group.rghubnetworking"
          ]
        }
      ]
    },
    {
      "mode": "managed",
      "type": "azurerm_network_security_group",
      "name": "fw-subnet-nsg",
      "provider": "provider[\"registry.terraform.io/hashicorp/azurerm\"]",
      "instances": [
        {
          "schema_version": 0,
          "attributes": {
            "id": "/subscriptions/05e45818-2478-475f-87d8-4c8cf13455c0/resourceGroups/RG_BP_HUB_Vnet_Dev/providers/Microsoft.Network/networkSecurityGroups/nsg-fw-subnet",
            "location": "northeurope",
            "name": "nsg-fw-subnet",
            "resource_group_name": "RG_BP_HUB_Vnet_Dev",
            "security_rule": [
              {
                "access": "Allow",
                "description": "Allow all for test",
                "destination_address_prefix": "*",
                "destination_address_prefixes": [],
                "destination_application_security_group_ids": [],
                "destination_port_range": "*",
                "destination_port_ranges": [],
                "direction": "Outbound",
                "name": "rule1",
                "priority": 100,
                "protocol": "*",
                "source_address_prefix": "*",
                "source_address_prefixes": [],
                "source_application_security_group_ids": [],
                "source_port_range": "*",
                "source_port_ranges": []
              }
            ],
            "tags": {},
            "timeouts": null
          },
          "sensitive_attributes": [],
          "private": "eyJlMmJmYjczMC1lY2FhLTExZTYtOGY4OC0zNDM2M2JjN2M0YzAiOnsiY3JlYXRlIjoxODAwMDAwMDAwMDAwLCJkZWxldGUiOjE4MDAwMDAwMDAwMDAsInJlYWQiOjMwMDAwMDAwMDAwMCwidXBkYXRlIjoxODAwMDAwMDAwMDAwfX0=",
          "dependencies": [
            "azurerm_resource_group.rghubnetworking"
          ]
        }
      ]
    },
    {
      "mode": "managed",
      "type": "azurerm_network_security_group",
      "name": "gw-subnet-nsg",
      "provider": "provider[\"registry.terraform.io/hashicorp/azurerm\"]",
      "instances": [
        {
          "schema_version": 0,
          "attributes": {
            "id": "/subscriptions/05e45818-2478-475f-87d8-4c8cf13455c0/resourceGroups/RG_BP_HUB_Vnet_Dev/providers/Microsoft.Network/networkSecurityGroups/nsg-gw-subnet",
            "location": "northeurope",
            "name": "nsg-gw-subnet",
            "resource_group_name": "RG_BP_HUB_Vnet_Dev",
            "security_rule": [
              {
                "access": "Allow",
                "description": "Allow all for test",
                "destination_address_prefix": "*",
                "destination_address_prefixes": [],
                "destination_application_security_group_ids": [],
                "destination_port_range": "*",
                "destination_port_ranges": [],
                "direction": "Outbound",
                "name": "rule1",
                "priority": 100,
                "protocol": "*",
                "source_address_prefix": "*",
                "source_address_prefixes": [],
                "source_application_security_group_ids": [],
                "source_port_range": "*",
                "source_port_ranges": []
              }
            ],
            "tags": {},
            "timeouts": null
          },
          "sensitive_attributes": [],
          "private": "eyJlMmJmYjczMC1lY2FhLTExZTYtOGY4OC0zNDM2M2JjN2M0YzAiOnsiY3JlYXRlIjoxODAwMDAwMDAwMDAwLCJkZWxldGUiOjE4MDAwMDAwMDAwMDAsInJlYWQiOjMwMDAwMDAwMDAwMCwidXBkYXRlIjoxODAwMDAwMDAwMDAwfX0=",
          "dependencies": [
            "azurerm_resource_group.rghubnetworking"
          ]
        }
      ]
    },
    {
      "mode": "managed",
      "type": "azurerm_network_security_rule",
      "name": "rule-1-fw",
      "provider": "provider[\"registry.terraform.io/hashicorp/azurerm\"]",
      "instances": [
        {
          "schema_version": 0,
          "attributes": {
            "access": "Allow",
            "description": "Allow all for test",
            "destination_address_prefix": "*",
            "destination_address_prefixes": [],
            "destination_application_security_group_ids": [],
            "destination_port_range": "*",
            "destination_port_ranges": [],
            "direction": "Outbound",
            "id": "/subscriptions/05e45818-2478-475f-87d8-4c8cf13455c0/resourceGroups/RG_BP_HUB_Vnet_Dev/providers/Microsoft.Network/networkSecurityGroups/nsg-fw-subnet/securityRules/rule1",
            "name": "rule1",
            "network_security_group_name": "nsg-fw-subnet",
            "priority": 100,
            "protocol": "*",
            "resource_group_name": "RG_BP_HUB_Vnet_Dev",
            "source_address_prefix": "*",
            "source_address_prefixes": [],
            "source_application_security_group_ids": [],
            "source_port_range": "*",
            "source_port_ranges": [],
            "timeouts": null
          },
          "sensitive_attributes": [],
          "private": "eyJlMmJmYjczMC1lY2FhLTExZTYtOGY4OC0zNDM2M2JjN2M0YzAiOnsiY3JlYXRlIjoxODAwMDAwMDAwMDAwLCJkZWxldGUiOjE4MDAwMDAwMDAwMDAsInJlYWQiOjMwMDAwMDAwMDAwMCwidXBkYXRlIjoxODAwMDAwMDAwMDAwfX0=",
          "dependencies": [
            "azurerm_network_security_group.fw-subnet-nsg",
            "azurerm_resource_group.rghubnetworking"
          ]
        }
      ]
    },
    {
      "mode": "managed",
      "type": "azurerm_network_security_rule",
      "name": "rule-1-gw",
      "provider": "provider[\"registry.terraform.io/hashicorp/azurerm\"]",
      "instances": [
        {
          "schema_version": 0,
          "attributes": {
            "access": "Allow",
            "description": "Allow all for test",
            "destination_address_prefix": "*",
            "destination_address_prefixes": [],
            "destination_application_security_group_ids": [],
            "destination_port_range": "*",
            "destination_port_ranges": [],
            "direction": "Outbound",
            "id": "/subscriptions/05e45818-2478-475f-87d8-4c8cf13455c0/resourceGroups/RG_BP_HUB_Vnet_Dev/providers/Microsoft.Network/networkSecurityGroups/nsg-gw-subnet/securityRules/rule1",
            "name": "rule1",
            "network_security_group_name": "nsg-gw-subnet",
            "priority": 100,
            "protocol": "*",
            "resource_group_name": "RG_BP_HUB_Vnet_Dev",
            "source_address_prefix": "*",
            "source_address_prefixes": [],
            "source_application_security_group_ids": [],
            "source_port_range": "*",
            "source_port_ranges": [],
            "timeouts": null
          },
          "sensitive_attributes": [],
          "private": "eyJlMmJmYjczMC1lY2FhLTExZTYtOGY4OC0zNDM2M2JjN2M0YzAiOnsiY3JlYXRlIjoxODAwMDAwMDAwMDAwLCJkZWxldGUiOjE4MDAwMDAwMDAwMDAsInJlYWQiOjMwMDAwMDAwMDAwMCwidXBkYXRlIjoxODAwMDAwMDAwMDAwfX0=",
          "dependencies": [
            "azurerm_network_security_group.gw-subnet-nsg",
            "azurerm_resource_group.rghubnetworking"
          ]
        }
      ]
    },
    {
      "mode": "managed",
      "type": "azurerm_public_ip",
      "name": "fwpubip",
      "provider": "provider[\"registry.terraform.io/hashicorp/azurerm\"]",
      "instances": [
        {
          "schema_version": 0,
          "attributes": {
            "allocation_method": "Static",
            "ddos_protection_mode": "VirtualNetworkInherited",
            "ddos_protection_plan_id": null,
            "domain_name_label": null,
            "edge_zone": "",
            "fqdn": null,
            "id": "/subscriptions/05e45818-2478-475f-87d8-4c8cf13455c0/resourceGroups/RG_BP_HUB_Vnet_Dev/providers/Microsoft.Network/publicIPAddresses/fwpip",
            "idle_timeout_in_minutes": 4,
            "ip_address": "20.166.172.100",
            "ip_tags": {},
            "ip_version": "IPv4",
            "location": "northeurope",
            "name": "fwpip",
            "public_ip_prefix_id": null,
            "resource_group_name": "RG_BP_HUB_Vnet_Dev",
            "reverse_fqdn": null,
            "sku": "Standard",
            "sku_tier": "Regional",
            "tags": {
              "deployment": "tf",
              "stage": "dev"
            },
            "timeouts": null,
            "zones": [
              "1",
              "2",
              "3"
            ]
          },
          "sensitive_attributes": [],
          "private": "eyJlMmJmYjczMC1lY2FhLTExZTYtOGY4OC0zNDM2M2JjN2M0YzAiOnsiY3JlYXRlIjoxODAwMDAwMDAwMDAwLCJkZWxldGUiOjE4MDAwMDAwMDAwMDAsInJlYWQiOjMwMDAwMDAwMDAwMCwidXBkYXRlIjoxODAwMDAwMDAwMDAwfX0=",
          "dependencies": [
            "azurerm_resource_group.rghubnetworking"
          ]
        }
      ]
    },
    {
      "mode": "managed",
      "type": "azurerm_public_ip",
      "name": "vpnpubip",
      "provider": "provider[\"registry.terraform.io/hashicorp/azurerm\"]",
      "instances": [
        {
          "schema_version": 0,
          "attributes": {
            "allocation_method": "Static",
            "ddos_protection_mode": "VirtualNetworkInherited",
            "ddos_protection_plan_id": null,
            "domain_name_label": null,
            "edge_zone": "",
            "fqdn": null,
            "id": "/subscriptions/05e45818-2478-475f-87d8-4c8cf13455c0/resourceGroups/RG_BP_HUB_Vnet_Dev/providers/Microsoft.Network/publicIPAddresses/vpnpubip",
            "idle_timeout_in_minutes": 4,
            "ip_address": "20.166.172.102",
            "ip_tags": {},
            "ip_version": "IPv4",
            "location": "northeurope",
            "name": "vpnpubip",
            "public_ip_prefix_id": null,
            "resource_group_name": "RG_BP_HUB_Vnet_Dev",
            "reverse_fqdn": null,
            "sku": "Standard",
            "sku_tier": "Regional",
            "tags": {
              "deployment": "tf",
              "stage": "dev"
            },
            "timeouts": null,
            "zones": [
              "1",
              "2",
              "3"
            ]
          },
          "sensitive_attributes": [],
          "private": "eyJlMmJmYjczMC1lY2FhLTExZTYtOGY4OC0zNDM2M2JjN2M0YzAiOnsiY3JlYXRlIjoxODAwMDAwMDAwMDAwLCJkZWxldGUiOjE4MDAwMDAwMDAwMDAsInJlYWQiOjMwMDAwMDAwMDAwMCwidXBkYXRlIjoxODAwMDAwMDAwMDAwfX0=",
          "dependencies": [
            "azurerm_resource_group.rghubnetworking"
          ]
        }
      ]
    },
    {
      "mode": "managed",
      "type": "azurerm_resource_group",
      "name": "rghubnetworking",
      "provider": "provider[\"registry.terraform.io/hashicorp/azurerm\"]",
      "instances": [
        {
          "schema_version": 0,
          "attributes": {
            "id": "/subscriptions/05e45818-2478-475f-87d8-4c8cf13455c0/resourceGroups/RG_BP_HUB_Vnet_Dev",
            "location": "northeurope",
            "managed_by": "",
            "name": "RG_BP_HUB_Vnet_Dev",
            "tags": {
              "deployment": "tf",
              "stage": "dev"
            },
            "timeouts": null
          },
          "sensitive_attributes": [],
          "private": "eyJlMmJmYjczMC1lY2FhLTExZTYtOGY4OC0zNDM2M2JjN2M0YzAiOnsiY3JlYXRlIjo1NDAwMDAwMDAwMDAwLCJkZWxldGUiOjU0MDAwMDAwMDAwMDAsInJlYWQiOjMwMDAwMDAwMDAwMCwidXBkYXRlIjo1NDAwMDAwMDAwMDAwfX0="
        }
      ]
    },
    {
      "mode": "managed",
      "type": "azurerm_resource_group_policy_assignment",
      "name": "auditvms",
      "provider": "provider[\"registry.terraform.io/hashicorp/azurerm\"]",
      "instances": [
        {
          "schema_version": 0,
          "attributes": {
            "description": "Shows all virtual machines not using managed disks",
            "display_name": "Audit VMs without managed disks assignment",
            "enforce": true,
            "id": "/subscriptions/05e45818-2478-475f-87d8-4c8cf13455c0/resourceGroups/RG_BP_HUB_Vnet_Dev/providers/Microsoft.Authorization/policyAssignments/audit-vm-manageddisks",
            "identity": [],
            "location": "",
            "metadata": "{\"createdBy\":\"e2263287-cf65-4fce-ad7f-af4fa2a5e4d5\",\"createdOn\":\"2024-09-26T08:55:58.6488629Z\",\"updatedBy\":null,\"updatedOn\":null}",
            "name": "audit-vm-manageddisks",
            "non_compliance_message": [],
            "not_scopes": [],
            "overrides": [],
            "parameters": "",
            "policy_definition_id": "/providers/Microsoft.Authorization/policyDefinitions/06a78e20-9358-41c9-923c-fb736d382a4d",
            "resource_group_id": "/subscriptions/05e45818-2478-475f-87d8-4c8cf13455c0/resourceGroups/RG_BP_HUB_Vnet_Dev",
            "resource_selectors": [],
            "timeouts": null
          },
          "sensitive_attributes": [],
          "private": "eyJlMmJmYjczMC1lY2FhLTExZTYtOGY4OC0zNDM2M2JjN2M0YzAiOnsiY3JlYXRlIjoxODAwMDAwMDAwMDAwLCJkZWxldGUiOjE4MDAwMDAwMDAwMDAsInJlYWQiOjMwMDAwMDAwMDAwMCwidXBkYXRlIjoxODAwMDAwMDAwMDAwfX0=",
          "dependencies": [
            "azurerm_resource_group.rghubnetworking"
          ]
        }
      ]
    },
    {
      "mode": "managed",
      "type": "azurerm_subnet",
      "name": "firewallsubnet",
      "provider": "provider[\"registry.terraform.io/hashicorp/azurerm\"]",
      "instances": [
        {
          "schema_version": 0,
          "attributes": {
            "address_prefixes": [
              "10.0.2.0/24"
            ],
            "default_outbound_access_enabled": true,
            "delegation": [],
            "id": "/subscriptions/05e45818-2478-475f-87d8-4c8cf13455c0/resourceGroups/RG_BP_HUB_Vnet_Dev/providers/Microsoft.Network/virtualNetworks/VNET-Hub/subnets/AzureFirewallSubnet",
            "name": "AzureFirewallSubnet",
            "private_endpoint_network_policies": "Disabled",
            "private_link_service_network_policies_enabled": true,
            "resource_group_name": "RG_BP_HUB_Vnet_Dev",
            "service_endpoint_policy_ids": [],
            "service_endpoints": [],
            "timeouts": null,
            "virtual_network_name": "VNET-Hub"
          },
          "sensitive_attributes": [],
          "private": "eyJlMmJmYjczMC1lY2FhLTExZTYtOGY4OC0zNDM2M2JjN2M0YzAiOnsiY3JlYXRlIjoxODAwMDAwMDAwMDAwLCJkZWxldGUiOjE4MDAwMDAwMDAwMDAsInJlYWQiOjMwMDAwMDAwMDAwMCwidXBkYXRlIjoxODAwMDAwMDAwMDAwfX0=",
          "dependencies": [
            "azurerm_resource_group.rghubnetworking",
            "azurerm_virtual_network.vnet"
          ]
        }
      ]
    },
    {
      "mode": "managed",
      "type": "azurerm_subnet",
      "name": "gatewaysubnet",
      "provider": "provider[\"registry.terraform.io/hashicorp/azurerm\"]",
      "instances": [
        {
          "schema_version": 0,
          "attributes": {
            "address_prefixes": [
              "10.0.1.0/24"
            ],
            "default_outbound_access_enabled": true,
            "delegation": [],
            "id": "/subscriptions/05e45818-2478-475f-87d8-4c8cf13455c0/resourceGroups/RG_BP_HUB_Vnet_Dev/providers/Microsoft.Network/virtualNetworks/VNET-Hub/subnets/GatewaySubnet",
            "name": "GatewaySubnet",
            "private_endpoint_network_policies": "Disabled",
            "private_link_service_network_policies_enabled": true,
            "resource_group_name": "RG_BP_HUB_Vnet_Dev",
            "service_endpoint_policy_ids": [],
            "service_endpoints": [],
            "timeouts": null,
            "virtual_network_name": "VNET-Hub"
          },
          "sensitive_attributes": [],
          "private": "eyJlMmJmYjczMC1lY2FhLTExZTYtOGY4OC0zNDM2M2JjN2M0YzAiOnsiY3JlYXRlIjoxODAwMDAwMDAwMDAwLCJkZWxldGUiOjE4MDAwMDAwMDAwMDAsInJlYWQiOjMwMDAwMDAwMDAwMCwidXBkYXRlIjoxODAwMDAwMDAwMDAwfX0=",
          "dependencies": [
            "azurerm_resource_group.rghubnetworking",
            "azurerm_virtual_network.vnet"
          ]
        }
      ]
    },
    {
      "mode": "managed",
      "type": "azurerm_virtual_network",
      "name": "vnet",
      "provider": "provider[\"registry.terraform.io/hashicorp/azurerm\"]",
      "instances": [
        {
          "schema_version": 0,
          "attributes": {
            "address_space": [
              "10.0.0.0/16"
            ],
            "bgp_community": "",
            "ddos_protection_plan": [],
            "dns_servers": [],
            "edge_zone": "",
            "encryption": [],
            "flow_timeout_in_minutes": 0,
            "guid": "d097f0a5-2908-4736-8cd9-80ea98848940",
            "id": "/subscriptions/05e45818-2478-475f-87d8-4c8cf13455c0/resourceGroups/RG_BP_HUB_Vnet_Dev/providers/Microsoft.Network/virtualNetworks/VNET-Hub",
            "location": "northeurope",
            "name": "VNET-Hub",
            "resource_group_name": "RG_BP_HUB_Vnet_Dev",
            "subnet": [
              {
                "address_prefixes": [
                  "10.0.1.0/24"
                ],
                "default_outbound_access_enabled": true,
                "delegation": [],
                "id": "/subscriptions/05e45818-2478-475f-87d8-4c8cf13455c0/resourceGroups/RG_BP_HUB_Vnet_Dev/providers/Microsoft.Network/virtualNetworks/VNET-Hub/subnets/GatewaySubnet",
                "name": "GatewaySubnet",
                "private_endpoint_network_policies": "Disabled",
                "private_link_service_network_policies_enabled": true,
                "route_table_id": "",
                "security_group": "",
                "service_endpoint_policy_ids": [],
                "service_endpoints": []
              },
              {
                "address_prefixes": [
                  "10.0.2.0/24"
                ],
                "default_outbound_access_enabled": true,
                "delegation": [],
                "id": "/subscriptions/05e45818-2478-475f-87d8-4c8cf13455c0/resourceGroups/RG_BP_HUB_Vnet_Dev/providers/Microsoft.Network/virtualNetworks/VNET-Hub/subnets/AzureFirewallSubnet",
                "name": "AzureFirewallSubnet",
                "private_endpoint_network_policies": "Disabled",
                "private_link_service_network_policies_enabled": true,
                "route_table_id": "",
                "security_group": "",
                "service_endpoint_policy_ids": [],
                "service_endpoints": []
              }
            ],
            "tags": {
              "deployment": "tf",
              "stage": "dev"
            },
            "timeouts": null
          },
          "sensitive_attributes": [],
          "private": "eyJlMmJmYjczMC1lY2FhLTExZTYtOGY4OC0zNDM2M2JjN2M0YzAiOnsiY3JlYXRlIjoxODAwMDAwMDAwMDAwLCJkZWxldGUiOjE4MDAwMDAwMDAwMDAsInJlYWQiOjMwMDAwMDAwMDAwMCwidXBkYXRlIjoxODAwMDAwMDAwMDAwfX0=",
          "dependencies": [
            "azurerm_resource_group.rghubnetworking"
          ]
        }
      ]
    },
    {
      "mode": "managed",
      "type": "azurerm_virtual_network_gateway",
      "name": "vpngw",
      "provider": "provider[\"registry.terraform.io/hashicorp/azurerm\"]",
      "instances": [
        {
          "schema_version": 0,
          "attributes": {
            "active_active": false,
            "bgp_route_translation_for_nat_enabled": false,
            "bgp_settings": [
              {
                "asn": 65515,
                "peer_weight": 0,
                "peering_addresses": [
                  {
                    "apipa_addresses": [],
                    "default_addresses": [
                      "10.0.1.254"
                    ],
                    "ip_configuration_name": "vnetGatewayConfig",
                    "tunnel_ip_addresses": [
                      "20.166.172.102"
                    ]
                  }
                ]
              }
            ],
            "custom_route": [],
            "default_local_network_gateway_id": null,
            "dns_forwarding_enabled": false,
            "edge_zone": "",
            "enable_bgp": false,
            "generation": "Generation1",
            "id": "/subscriptions/05e45818-2478-475f-87d8-4c8cf13455c0/resourceGroups/RG_BP_HUB_Vnet_Dev/providers/Microsoft.Network/virtualNetworkGateways/VPN-GW-1",
            "ip_configuration": [
              {
                "name": "vnetGatewayConfig",
                "private_ip_address_allocation": "Dynamic",
                "public_ip_address_id": "/subscriptions/05e45818-2478-475f-87d8-4c8cf13455c0/resourceGroups/RG_BP_HUB_Vnet_Dev/providers/Microsoft.Network/publicIPAddresses/vpnpubip",
                "subnet_id": "/subscriptions/05e45818-2478-475f-87d8-4c8cf13455c0/resourceGroups/RG_BP_HUB_Vnet_Dev/providers/Microsoft.Network/virtualNetworks/VNET-Hub/subnets/GatewaySubnet"
              }
            ],
            "ip_sec_replay_protection_enabled": true,
            "location": "northeurope",
            "name": "VPN-GW-1",
            "policy_group": [],
            "private_ip_address_enabled": false,
            "remote_vnet_traffic_enabled": false,
            "resource_group_name": "RG_BP_HUB_Vnet_Dev",
            "sku": "VpnGw1AZ",
            "tags": {
              "deployment": "tf",
              "stage": "dev"
            },
            "timeouts": null,
            "type": "Vpn",
            "virtual_wan_traffic_enabled": false,
            "vpn_client_configuration": [
              {
                "aad_audience": "",
                "aad_issuer": "",
                "aad_tenant": "",
                "address_space": [
                  "192.168.0.0/24"
                ],
                "ipsec_policy": [],
                "radius_server": [],
                "radius_server_address": "",
                "radius_server_secret": "",
                "revoked_certificate": [
                  {
                    "name": "Verizon-Global-Root-CA",
                    "thumbprint": "912198EEF23DCAC40939312FEE97DD560BAE49B1"
                  }
                ],
                "root_certificate": [
                  {
                    "name": "DigiCert-Federated-ID-Root-CA",
                    "public_cert_data": "    MIIDuzCCAqOgAwIBAgIQCHTZWCM+IlfFIRXIvyKSrjANBgkqhkiG9w0BAQsFADBn\r\n    MQswCQYDVQQGEwJVUzEVMBMGA1UEChMMRGlnaUNlcnQgSW5jMRkwFwYDVQQLExB3\r\n    d3cuZGlnaWNlcnQuY29tMSYwJAYDVQQDEx1EaWdpQ2VydCBGZWRlcmF0ZWQgSUQg\r\n    Um9vdCBDQTAeFw0xMzAxMTUxMjAwMDBaFw0zMzAxMTUxMjAwMDBaMGcxCzAJBgNV\r\n    BAYTAlVTMRUwEwYDVQQKEwxEaWdpQ2VydCBJbmMxGTAXBgNVBAsTEHd3dy5kaWdp\r\n    Y2VydC5jb20xJjAkBgNVBAMTHURpZ2lDZXJ0IEZlZGVyYXRlZCBJRCBSb290IENB\r\n    MIIBIjANBgkqhkiG9w0BAQEFAAOCAQ8AMIIBCgKCAQEAvAEB4pcCqnNNOWE6Ur5j\r\n    QPUH+1y1F9KdHTRSza6k5iDlXq1kGS1qAkuKtw9JsiNRrjltmFnzMZRBbX8Tlfl8\r\n    zAhBmb6dDduDGED01kBsTkgywYPxXVTKec0WxYEEF0oMn4wSYNl0lt2eJAKHXjNf\r\n    GTwiibdP8CUR2ghSM2sUTI8Nt1Omfc4SMHhGhYD64uJMbX98THQ/4LMGuYegou+d\r\n    GTiahfHtjn7AboSEknwAMJHCh5RlYZZ6B1O4QbKJ+34Q0eKgnI3X6Vc9u0zf6DH8\r\n    Dk+4zQDYRRTqTnVO3VT8jzqDlCRuNtq6YvryOWN74/dq8LQhUnXHvFyrsdMaE1X2\r\n    DwIDAQABo2MwYTAPBgNVHRMBAf8EBTADAQH/MA4GA1UdDwEB/wQEAwIBhjAdBgNV\r\n    HQ4EFgQUGRdkFnbGt1EWjKwbUne+5OaZvRYwHwYDVR0jBBgwFoAUGRdkFnbGt1EW\r\n    jKwbUne+5OaZvRYwDQYJKoZIhvcNAQELBQADggEBAHcqsHkrjpESqfuVTRiptJfP\r\n    9JbdtWqRTmOf6uJi2c8YVqI6XlKXsD8C1dUUaaHKLUJzvKiazibVuBwMIT84AyqR\r\n    QELn3e0BtgEymEygMU569b01ZPxoFSnNXc7qDZBDef8WfqAV/sxkTi8L9BkmFYfL\r\n    uGLOhRJOFprPdoDIUBB+tmCl3oDcBy3vnUeOEioz8zAkprcb3GHwHAK+vHmmfgcn\r\n    WsfMLH4JCLa/tRYL+Rw/N3ybCkDp00s0WUZ+AoDywSl0Q/ZEnNY0MsFiw6LyIdbq\r\n    M/s/1JRtO3bDSzD9TazRVzn2oBqzSa8VgIo5C1nOnoAKJTlsClJKvIhnRlaLQqk=\r\n"
                  }
                ],
                "virtual_network_gateway_client_connection": [],
                "vpn_auth_types": [
                  "Certificate"
                ],
                "vpn_client_protocols": [
                  "IkeV2",
                  "OpenVPN"
                ]
              }
            ],
            "vpn_type": "RouteBased"
          },
          "sensitive_attributes": [],
          "private": "eyJlMmJmYjczMC1lY2FhLTExZTYtOGY4OC0zNDM2M2JjN2M0YzAiOnsiY3JlYXRlIjo1NDAwMDAwMDAwMDAwLCJkZWxldGUiOjM2MDAwMDAwMDAwMDAsInJlYWQiOjMwMDAwMDAwMDAwMCwidXBkYXRlIjozNjAwMDAwMDAwMDAwfX0=",
          "dependencies": [
            "azurerm_public_ip.vpnpubip",
            "azurerm_resource_group.rghubnetworking",
            "azurerm_subnet.gatewaysubnet",
            "azurerm_virtual_network.vnet"
          ]
        }
      ]
    }
  ],
  "check_results": null
}
